
Microsoft Visual Studio Solution File, Format Version 12.00
# Visual Studio Version 17
VisualStudioVersion = 17.13.35913.81 d17.13
MinimumVisualStudioVersion = 10.0.40219.1
Project("{FAE04EC0-301F-11D3-BF4B-00C04F79EFBC}") = "FormationEcommerce.Web", "FormationEcommerce.Web\FormationEcommerce.Web.csproj", "{AB6A6768-4CA8-4750-B305-F6A988C45C1F}"
EndProject
Project("{FAE04EC0-301F-11D3-BF4B-00C04F79EFBC}") = "FormationEcommerce.Application", "FormationEcommerce.Application\FormationEcommerce.Application.csproj", "{503BE9FB-9D75-428D-ABC2-37D1010D5F23}"
EndProject
Project("{FAE04EC0-301F-11D3-BF4B-00C04F79EFBC}") = "FormationEcommerce.Core", "FormationEcommerce.Core\FormationEcommerce.Core.csproj", "{AB0DFA4F-441E-4448-B213-209347926136}"
EndProject
Project("{FAE04EC0-301F-11D3-BF4B-00C04F79EFBC}") = "FormationEcommerce.Infrastructure", "FormationEcommerce.Infrastructure\FormationEcommerce.Infrastructure.csproj", "{A8C450A9-3103-4DDF-B241-454A736FA504}"
EndProject
Project("{FAE04EC0-301F-11D3-BF4B-00C04F79EFBC}") = "FormationEcommerce.Test", "FormationEcommerce.Test\FormationEcommerce.Test.csproj", "{6767C094-97FC-4081-92C4-6CB247FD27CB}"
EndProject
Global
	GlobalSection(SolutionConfigurationPlatforms) = preSolution
		Debug|Any CPU = Debug|Any CPU
		Release|Any CPU = Release|Any CPU
	EndGlobalSection
	GlobalSection(ProjectConfigurationPlatforms) = postSolution
		{AB6A6768-4CA8-4750-B305-F6A988C45C1F}.Debug|Any CPU.ActiveCfg = Debug|Any CPU
		{AB6A6768-4CA8-4750-B305-F6A988C45C1F}.Debug|Any CPU.Build.0 = Debug|Any CPU
		{AB6A6768-4CA8-4750-B305-F6A988C45C1F}.Release|Any CPU.ActiveCfg = Release|Any CPU
		{AB6A6768-4CA8-4750-B305-F6A988C45C1F}.Release|Any CPU.Build.0 = Release|Any CPU
		{503BE9FB-9D75-428D-ABC2-37D1010D5F23}.Debug|Any CPU.ActiveCfg = Debug|Any CPU
		{503BE9FB-9D75-428D-ABC2-37D1010D5F23}.Debug|Any CPU.Build.0 = Debug|Any CPU
		{503BE9FB-9D75-428D-ABC2-37D1010D5F23}.Release|Any CPU.ActiveCfg = Release|Any CPU
		{503BE9FB-9D75-428D-ABC2-37D1010D5F23}.Release|Any CPU.Build.0 = Release|Any CPU
		{AB0DFA4F-441E-4448-B213-209347926136}.Debug|Any CPU.ActiveCfg = Debug|Any CPU
		{AB0DFA4F-441E-4448-B213-209347926136}.Debug|Any CPU.Build.0 = Debug|Any CPU
		{AB0DFA4F-441E-4448-B213-209347926136}.Release|Any CPU.ActiveCfg = Release|Any CPU
		{AB0DFA4F-441E-4448-B213-209347926136}.Release|Any CPU.Build.0 = Release|Any CPU
		{A8C450A9-3103-4DDF-B241-454A736FA504}.Debug|Any CPU.ActiveCfg = Debug|Any CPU
		{A8C450A9-3103-4DDF-B241-454A736FA504}.Debug|Any CPU.Build.0 = Debug|Any CPU
		{A8C450A9-3103-4DDF-B241-454A736FA504}.Release|Any CPU.ActiveCfg = Release|Any CPU
		{A8C450A9-3103-4DDF-B241-454A736FA504}.Release|Any CPU.Build.0 = Release|Any CPU
		{6767C094-97FC-4081-92C4-6CB247FD27CB}.Debug|Any CPU.ActiveCfg = Debug|Any CPU
		{6767C094-97FC-4081-92C4-6CB247FD27CB}.Debug|Any CPU.Build.0 = Debug|Any CPU
		{6767C094-97FC-4081-92C4-6CB247FD27CB}.Release|Any CPU.ActiveCfg = Release|Any CPU
		{6767C094-97FC-4081-92C4-6CB247FD27CB}.Release|Any CPU.Build.0 = Release|Any CPU
	EndGlobalSection
	GlobalSection(SolutionProperties) = preSolution
		HideSolutionNode = FALSE
	EndGlobalSection
	GlobalSection(ExtensibilityGlobals) = postSolution
		SolutionGuid = {DC80EFA7-2723-4419-B0A5-1718F283C2E5}
	EndGlobalSection
EndGlobal
